---
ID: "8e3b4ef2-d5d8-4405-88d0-e1ed783ff9da"
Parent: "fd6fd6b9-5014-5ca7-ae83-ac2519996347"
Template: "9de74d2d-10be-5a4f-b992-bc4873730fd5"
Path: /sitecore/content/NextStore/Components/ContentBlock/Content Block
SharedFields:
- ID: "a4f985d9-98b3-4b52-aaaf-4344f6e747c6"
  Hint: __Workflow
  Value: "{6C59AE29-D0A1-4B77-9305-0ABAB21D5FE5}"
Languages:
- Language: en
  Versions:
  - Version: 1
    Fields:
    - ID: "25bed78c-4957-4165-998a-ca1b52f67497"
      Hint: __Created
      Value: 20220305T090415Z
    - ID: "3e431de1-525e-47a3-b6b0-1ccbec3a8c98"
      Hint: __Workflow state
      Value: "{FCFDBB96-946A-4D2F-BCCD-5573073FC176}"
    - ID: "52807595-0f8f-4b20-8d2a-cb71d28c6103"
      Hint: __Owner
      Value: |
        sitecore\Admin
    - ID: "5dd74568-4d4b-44c1-b513-0af5f4cda34f"
      Hint: __Created by
      Value: |
        sitecore\Admin
    - ID: "8cdc337e-a112-42fb-bbb4-4143751e123f"
      Hint: __Revision
      Value: "ee64ae7d-20a8-4404-9d06-0519d8cb24e1"
    - ID: "badd9cf9-53e0-4d0c-bcc0-2d784c282f6a"
      Hint: __Updated by
      Value: |
        sitecore\Admin
    - ID: "d9cf14b1-fa16-4ba6-9288-e8a174d4d522"
      Hint: __Updated
      Value: 20220305T090415Z
